
Microsoft Visual Studio Solution File, Format Version 12.00
# Visual Studio Version 16
VisualStudioVersion = 25.0.1700.3
MinimumVisualStudioVersion = 10.0.40219.1
Project("{FAE04EC0-301F-11D3-BF4B-00C04F79EFBC}") = "RoomCalculator", "RoomCalculator\RoomCalculator.csproj", "{34E715A6-D396-487C-89A5-0E6A33ECABFE}"
EndProject
Global
	GlobalSection(SolutionConfigurationPlatforms) = preSolution
		Debug|Any CPU = Debug|Any CPU
		Release|Any CPU = Release|Any CPU
	EndGlobalSection
	GlobalSection(ProjectConfigurationPlatforms) = postSolution
		{34E715A6-D396-487C-89A5-0E6A33ECABFE}.Debug|Any CPU.ActiveCfg = Debug|Any CPU
		{34E715A6-D396-487C-89A5-0E6A33ECABFE}.Debug|Any CPU.Build.0 = Debug|Any CPU
		{34E715A6-D396-487C-89A5-0E6A33ECABFE}.Release|Any CPU.ActiveCfg = Release|Any CPU
		{34E715A6-D396-487C-89A5-0E6A33ECABFE}.Release|Any CPU.Build.0 = Release|Any CPU
	EndGlobalSection
	GlobalSection(SolutionProperties) = preSolution
		HideSolutionNode = FALSE
	EndGlobalSection
	GlobalSection(ExtensibilityGlobals) = postSolution
		SolutionGuid = {92206B2F-CDC5-4164-ACBB-942D9D917824}
	EndGlobalSection
EndGlobal
